
Microsoft Visual Studio Solution File, Format Version 12.00
# Visual Studio Version 17
VisualStudioVersion = 17.13.35931.197 d17.13
MinimumVisualStudioVersion = 10.0.40219.1
Project("{888888A0-9F3D-457C-B088-3A5042F75D52}") = "hh_python_practice", "hh_python_practice.pyproj", "{C3B8AB54-7F27-481C-8150-A84D1D6677BA}"
EndProject
Global
	GlobalSection(SolutionConfigurationPlatforms) = preSolution
		Debug|Any CPU = Debug|Any CPU
		Release|Any CPU = Release|Any CPU
	EndGlobalSection
	GlobalSection(ProjectConfigurationPlatforms) = postSolution
		{C3B8AB54-7F27-481C-8150-A84D1D6677BA}.Debug|Any CPU.ActiveCfg = Debug|Any CPU
		{C3B8AB54-7F27-481C-8150-A84D1D6677BA}.Release|Any CPU.ActiveCfg = Release|Any CPU
	EndGlobalSection
	GlobalSection(SolutionProperties) = preSolution
		HideSolutionNode = FALSE
	EndGlobalSection
	GlobalSection(ExtensibilityGlobals) = postSolution
		SolutionGuid = {21F3F04A-A839-4DE3-9FAE-DD3E4267066B}
	EndGlobalSection
EndGlobal
